
Microsoft Visual Studio Solution File, Format Version 12.00
# Visual Studio Version 16
VisualStudioVersion = 16.0.31205.134
MinimumVisualStudioVersion = 10.0.40219.1
Project("{9A19103F-16F7-4668-BE54-9A1E7A4F7556}") = "API.Exercise", "API.Exercise\API.Exercise.csproj", "{A0D0430D-EE85-4B99-B36F-F3D7B87D778C}"
EndProject
Project("{FAE04EC0-301F-11D3-BF4B-00C04F79EFBC}") = "Kartojimas", "Kartojimas\Kartojimas.csproj", "{9C9D2D2A-2ACE-40E5-A740-A3BC457DB8B9}"
EndProject
Global
	GlobalSection(SolutionConfigurationPlatforms) = preSolution
		Debug|Any CPU = Debug|Any CPU
		Release|Any CPU = Release|Any CPU
	EndGlobalSection
	GlobalSection(ProjectConfigurationPlatforms) = postSolution
		{A0D0430D-EE85-4B99-B36F-F3D7B87D778C}.Debug|Any CPU.ActiveCfg = Debug|Any CPU
		{A0D0430D-EE85-4B99-B36F-F3D7B87D778C}.Debug|Any CPU.Build.0 = Debug|Any CPU
		{A0D0430D-EE85-4B99-B36F-F3D7B87D778C}.Release|Any CPU.ActiveCfg = Release|Any CPU
		{A0D0430D-EE85-4B99-B36F-F3D7B87D778C}.Release|Any CPU.Build.0 = Release|Any CPU
		{9C9D2D2A-2ACE-40E5-A740-A3BC457DB8B9}.Debug|Any CPU.ActiveCfg = Debug|Any CPU
		{9C9D2D2A-2ACE-40E5-A740-A3BC457DB8B9}.Debug|Any CPU.Build.0 = Debug|Any CPU
		{9C9D2D2A-2ACE-40E5-A740-A3BC457DB8B9}.Release|Any CPU.ActiveCfg = Release|Any CPU
		{9C9D2D2A-2ACE-40E5-A740-A3BC457DB8B9}.Release|Any CPU.Build.0 = Release|Any CPU
	EndGlobalSection
	GlobalSection(SolutionProperties) = preSolution
		HideSolutionNode = FALSE
	EndGlobalSection
	GlobalSection(ExtensibilityGlobals) = postSolution
		SolutionGuid = {81CFA7B9-0B29-4B1A-83AD-4F6DE31F2D28}
	EndGlobalSection
EndGlobal
